// !$*UTF8*$!
{
	archiveVersion = 1;
	classes = {
	};
	objectVersion = 50;
	objects = {

/* Begin PBXBuildFile section */
		1E2FC5795F6806DD1B2A9BEA /* libPods-Instagram.a in Frameworks */ = {isa = PBXBuildFile; fileRef = ED8C6E79276A7747C8B9D48E /* libPods-Instagram.a */; };
		22A81D4BEAC4DDF8E8A23415 /* libPods-InstagramTests.a in Frameworks */ = {isa = PBXBuildFile; fileRef = 87F7AD8ECD07DEADCD103F4D /* libPods-InstagramTests.a */; };
		2619803A20F41FA900E7FCE1 /* HomeViewController.m in Sources */ = {isa = PBXBuildFile; fileRef = 2619803920F41FA900E7FCE1 /* HomeViewController.m */; };
		2619803D20F42A9C00E7FCE1 /* ComposeViewController.m in Sources */ = {isa = PBXBuildFile; fileRef = 2619803C20F42A9C00E7FCE1 /* ComposeViewController.m */; };
		2619804020F52ADB00E7FCE1 /* Post.m in Sources */ = {isa = PBXBuildFile; fileRef = 2619803F20F52ADB00E7FCE1 /* Post.m */; };
		263628F020F41769007CA88E /* LoginViewController.m in Sources */ = {isa = PBXBuildFile; fileRef = 263628EF20F41769007CA88E /* LoginViewController.m */; };
		2663DB6A20F4122D001EDCFD /* AppDelegate.m in Sources */ = {isa = PBXBuildFile; fileRef = 2663DB6920F4122D001EDCFD /* AppDelegate.m */; };
		2663DB7020F4122D001EDCFD /* Main.storyboard in Resources */ = {isa = PBXBuildFile; fileRef = 2663DB6E20F4122D001EDCFD /* Main.storyboard */; };
		2663DB7220F4122D001EDCFD /* Assets.xcassets in Resources */ = {isa = PBXBuildFile; fileRef = 2663DB7120F4122D001EDCFD /* Assets.xcassets */; };
		2663DB7520F4122D001EDCFD /* LaunchScreen.storyboard in Resources */ = {isa = PBXBuildFile; fileRef = 2663DB7320F4122D001EDCFD /* LaunchScreen.storyboard */; };
		2663DB7820F4122D001EDCFD /* main.m in Sources */ = {isa = PBXBuildFile; fileRef = 2663DB7720F4122D001EDCFD /* main.m */; };
		2663DB8220F4122D001EDCFD /* InstagramTests.m in Sources */ = {isa = PBXBuildFile; fileRef = 2663DB8120F4122D001EDCFD /* InstagramTests.m */; };
		2663DB8D20F4122D001EDCFD /* InstagramUITests.m in Sources */ = {isa = PBXBuildFile; fileRef = 2663DB8C20F4122D001EDCFD /* InstagramUITests.m */; };
		2666B29F20F55024005FA1D4 /* InstaTableViewCell.m in Sources */ = {isa = PBXBuildFile; fileRef = 2666B29E20F55024005FA1D4 /* InstaTableViewCell.m */; };
		847C8295AFC5DDF1C0895F67 /* libPods-InstagramUITests.a in Frameworks */ = {isa = PBXBuildFile; fileRef = 1A5096709706AF6C0C55CD80 /* libPods-InstagramUITests.a */; };
/* End PBXBuildFile section */

/* Begin PBXContainerItemProxy section */
		2663DB7E20F4122D001EDCFD /* PBXContainerItemProxy */ = {
			isa = PBXContainerItemProxy;
			containerPortal = 2663DB5D20F4122D001EDCFD /* Project object */;
			proxyType = 1;
			remoteGlobalIDString = 2663DB6420F4122D001EDCFD;
			remoteInfo = Instagram;
		};
		2663DB8920F4122D001EDCFD /* PBXContainerItemProxy */ = {
			isa = PBXContainerItemProxy;
			containerPortal = 2663DB5D20F4122D001EDCFD /* Project object */;
			proxyType = 1;
			remoteGlobalIDString = 2663DB6420F4122D001EDCFD;
			remoteInfo = Instagram;
		};
/* End PBXContainerItemProxy section */

/* Begin PBXFileReference section */
		107B6ACFF68714C9C0CD6101 /* Pods-InstagramUITests.release.xcconfig */ = {isa = PBXFileReference; includeInIndex = 1; lastKnownFileType = text.xcconfig; name = "Pods-InstagramUITests.release.xcconfig"; path = "Pods/Target Support Files/Pods-InstagramUITests/Pods-InstagramUITests.release.xcconfig"; sourceTree = "<group>"; };
		1A5096709706AF6C0C55CD80 /* libPods-InstagramUITests.a */ = {isa = PBXFileReference; explicitFileType = archive.ar; includeInIndex = 0; path = "libPods-InstagramUITests.a"; sourceTree = BUILT_PRODUCTS_DIR; };
		1F1C23DED2B0F9BE6440D645 /* Pods-Instagram.debug.xcconfig */ = {isa = PBXFileReference; includeInIndex = 1; lastKnownFileType = text.xcconfig; name = "Pods-Instagram.debug.xcconfig"; path = "Pods/Target Support Files/Pods-Instagram/Pods-Instagram.debug.xcconfig"; sourceTree = "<group>"; };
		2619803820F41FA900E7FCE1 /* HomeViewController.h */ = {isa = PBXFileReference; lastKnownFileType = sourcecode.c.h; path = HomeViewController.h; sourceTree = "<group>"; };
		2619803920F41FA900E7FCE1 /* HomeViewController.m */ = {isa = PBXFileReference; lastKnownFileType = sourcecode.c.objc; path = HomeViewController.m; sourceTree = "<group>"; };
		2619803B20F42A9C00E7FCE1 /* ComposeViewController.h */ = {isa = PBXFileReference; lastKnownFileType = sourcecode.c.h; path = ComposeViewController.h; sourceTree = "<group>"; };
		2619803C20F42A9C00E7FCE1 /* ComposeViewController.m */ = {isa = PBXFileReference; lastKnownFileType = sourcecode.c.objc; path = ComposeViewController.m; sourceTree = "<group>"; };
		2619803E20F52ADB00E7FCE1 /* Post.h */ = {isa = PBXFileReference; lastKnownFileType = sourcecode.c.h; path = Post.h; sourceTree = "<group>"; };
		2619803F20F52ADB00E7FCE1 /* Post.m */ = {isa = PBXFileReference; lastKnownFileType = sourcecode.c.objc; path = Post.m; sourceTree = "<group>"; };
		263628EE20F41769007CA88E /* LoginViewController.h */ = {isa = PBXFileReference; lastKnownFileType = sourcecode.c.h; path = LoginViewController.h; sourceTree = "<group>"; };
		263628EF20F41769007CA88E /* LoginViewController.m */ = {isa = PBXFileReference; lastKnownFileType = sourcecode.c.objc; path = LoginViewController.m; sourceTree = "<group>"; };
		2663DB6520F4122D001EDCFD /* Instagram.app */ = {isa = PBXFileReference; explicitFileType = wrapper.application; includeInIndex = 0; path = Instagram.app; sourceTree = BUILT_PRODUCTS_DIR; };
		2663DB6820F4122D001EDCFD /* AppDelegate.h */ = {isa = PBXFileReference; lastKnownFileType = sourcecode.c.h; path = AppDelegate.h; sourceTree = "<group>"; };
		2663DB6920F4122D001EDCFD /* AppDelegate.m */ = {isa = PBXFileReference; lastKnownFileType = sourcecode.c.objc; path = AppDelegate.m; sourceTree = "<group>"; };
		2663DB6F20F4122D001EDCFD /* Base */ = {isa = PBXFileReference; lastKnownFileType = file.storyboard; name = Base; path = Base.lproj/Main.storyboard; sourceTree = "<group>"; };
		2663DB7120F4122D001EDCFD /* Assets.xcassets */ = {isa = PBXFileReference; lastKnownFileType = folder.assetcatalog; path = Assets.xcassets; sourceTree = "<group>"; };
		2663DB7420F4122D001EDCFD /* Base */ = {isa = PBXFileReference; lastKnownFileType = file.storyboard; name = Base; path = Base.lproj/LaunchScreen.storyboard; sourceTree = "<group>"; };
		2663DB7620F4122D001EDCFD /* Info.plist */ = {isa = PBXFileReference; lastKnownFileType = text.plist.xml; path = Info.plist; sourceTree = "<group>"; };
		2663DB7720F4122D001EDCFD /* main.m */ = {isa = PBXFileReference; lastKnownFileType = sourcecode.c.objc; path = main.m; sourceTree = "<group>"; };
		2663DB7D20F4122D001EDCFD /* InstagramTests.xctest */ = {isa = PBXFileReference; explicitFileType = wrapper.cfbundle; includeInIndex = 0; path = InstagramTests.xctest; sourceTree = BUILT_PRODUCTS_DIR; };
		2663DB8120F4122D001EDCFD /* InstagramTests.m */ = {isa = PBXFileReference; lastKnownFileType = sourcecode.c.objc; path = InstagramTests.m; sourceTree = "<group>"; };
		2663DB8320F4122D001EDCFD /* Info.plist */ = {isa = PBXFileReference; lastKnownFileType = text.plist.xml; path = Info.plist; sourceTree = "<group>"; };
		2663DB8820F4122D001EDCFD /* InstagramUITests.xctest */ = {isa = PBXFileReference; explicitFileType = wrapper.cfbundle; includeInIndex = 0; path = InstagramUITests.xctest; sourceTree = BUILT_PRODUCTS_DIR; };
		2663DB8C20F4122D001EDCFD /* InstagramUITests.m */ = {isa = PBXFileReference; lastKnownFileType = sourcecode.c.objc; path = InstagramUITests.m; sourceTree = "<group>"; };
		2663DB8E20F4122D001EDCFD /* Info.plist */ = {isa = PBXFileReference; lastKnownFileType = text.plist.xml; path = Info.plist; sourceTree = "<group>"; };
		2666B29D20F55024005FA1D4 /* InstaTableViewCell.h */ = {isa = PBXFileReference; lastKnownFileType = sourcecode.c.h; path = InstaTableViewCell.h; sourceTree = "<group>"; };
		2666B29E20F55024005FA1D4 /* InstaTableViewCell.m */ = {isa = PBXFileReference; lastKnownFileType = sourcecode.c.objc; path = InstaTableViewCell.m; sourceTree = "<group>"; };
		87F7AD8ECD07DEADCD103F4D /* libPods-InstagramTests.a */ = {isa = PBXFileReference; explicitFileType = archive.ar; includeInIndex = 0; path = "libPods-InstagramTests.a"; sourceTree = BUILT_PRODUCTS_DIR; };
		A5AD7681526F9FC392A35424 /* Pods-InstagramUITests.debug.xcconfig */ = {isa = PBXFileReference; includeInIndex = 1; lastKnownFileType = text.xcconfig; name = "Pods-InstagramUITests.debug.xcconfig"; path = "Pods/Target Support Files/Pods-InstagramUITests/Pods-InstagramUITests.debug.xcconfig"; sourceTree = "<group>"; };
		BFC45435C1A0EE7BB720D804 /* Pods-Instagram.release.xcconfig */ = {isa = PBXFileReference; includeInIndex = 1; lastKnownFileType = text.xcconfig; name = "Pods-Instagram.release.xcconfig"; path = "Pods/Target Support Files/Pods-Instagram/Pods-Instagram.release.xcconfig"; sourceTree = "<group>"; };
		CB84737E5DC59659E2135A6A /* Pods-InstagramTests.debug.xcconfig */ = {isa = PBXFileReference; includeInIndex = 1; lastKnownFileType = text.xcconfig; name = "Pods-InstagramTests.debug.xcconfig"; path = "Pods/Target Support Files/Pods-InstagramTests/Pods-InstagramTests.debug.xcconfig"; sourceTree = "<group>"; };
		DDDBF35CB3FF5B2665F74C8B /* Pods-InstagramTests.release.xcconfig */ = {isa = PBXFileReference; includeInIndex = 1; lastKnownFileType = text.xcconfig; name = "Pods-InstagramTests.release.xcconfig"; path = "Pods/Target Support Files/Pods-InstagramTests/Pods-InstagramTests.release.xcconfig"; sourceTree = "<group>"; };
		ED8C6E79276A7747C8B9D48E /* libPods-Instagram.a */ = {isa = PBXFileReference; explicitFileType = archive.ar; includeInIndex = 0; path = "libPods-Instagram.a"; sourceTree = BUILT_PRODUCTS_DIR; };
/* End PBXFileReference section */

/* Begin PBXFrameworksBuildPhase section */
		2663DB6220F4122D001EDCFD /* Frameworks */ = {
			isa = PBXFrameworksBuildPhase;
			buildActionMask = 2147483647;
			files = (
				1E2FC5795F6806DD1B2A9BEA /* libPods-Instagram.a in Frameworks */,
			);
			runOnlyForDeploymentPostprocessing = 0;
		};
		2663DB7A20F4122D001EDCFD /* Frameworks */ = {
			isa = PBXFrameworksBuildPhase;
			buildActionMask = 2147483647;
			files = (
				22A81D4BEAC4DDF8E8A23415 /* libPods-InstagramTests.a in Frameworks */,
			);
			runOnlyForDeploymentPostprocessing = 0;
		};
		2663DB8520F4122D001EDCFD /* Frameworks */ = {
			isa = PBXFrameworksBuildPhase;
			buildActionMask = 2147483647;
			files = (
				847C8295AFC5DDF1C0895F67 /* libPods-InstagramUITests.a in Frameworks */,
			);
			runOnlyForDeploymentPostprocessing = 0;
		};
/* End PBXFrameworksBuildPhase section */

/* Begin PBXGroup section */
		263628F120F41984007CA88E /* View Controllers */ = {
			isa = PBXGroup;
			children = (
				263628EE20F41769007CA88E /* LoginViewController.h */,
				263628EF20F41769007CA88E /* LoginViewController.m */,
				2619803820F41FA900E7FCE1 /* HomeViewController.h */,
				2619803920F41FA900E7FCE1 /* HomeViewController.m */,
				2619803B20F42A9C00E7FCE1 /* ComposeViewController.h */,
				2619803C20F42A9C00E7FCE1 /* ComposeViewController.m */,
			);
			path = "View Controllers";
			sourceTree = "<group>";
		};
		2663DB5C20F4122D001EDCFD = {
			isa = PBXGroup;
			children = (
				2663DB6720F4122D001EDCFD /* Instagram */,
				2663DB8020F4122D001EDCFD /* InstagramTests */,
				2663DB8B20F4122D001EDCFD /* InstagramUITests */,
				2663DB6620F4122D001EDCFD /* Products */,
				303E1EF1CBACE709EBF37A97 /* Pods */,
				F169781A1969839CA37BD8CC /* Frameworks */,
			);
			sourceTree = "<group>";
		};
		2663DB6620F4122D001EDCFD /* Products */ = {
			isa = PBXGroup;
			children = (
				2663DB6520F4122D001EDCFD /* Instagram.app */,
				2663DB7D20F4122D001EDCFD /* InstagramTests.xctest */,
				2663DB8820F4122D001EDCFD /* InstagramUITests.xctest */,
			);
			name = Products;
			sourceTree = "<group>";
		};
		2663DB6720F4122D001EDCFD /* Instagram */ = {
			isa = PBXGroup;
			children = (
				2666B2A020F55033005FA1D4 /* Views */,
				263628F120F41984007CA88E /* View Controllers */,
				2619803E20F52ADB00E7FCE1 /* Post.h */,
				2619803F20F52ADB00E7FCE1 /* Post.m */,
				2663DB6820F4122D001EDCFD /* AppDelegate.h */,
				2663DB6920F4122D001EDCFD /* AppDelegate.m */,
				2663DB6E20F4122D001EDCFD /* Main.storyboard */,
				2663DB7120F4122D001EDCFD /* Assets.xcassets */,
				2663DB7320F4122D001EDCFD /* LaunchScreen.storyboard */,
				2663DB7620F4122D001EDCFD /* Info.plist */,
				2663DB7720F4122D001EDCFD /* main.m */,
			);
			path = Instagram;
			sourceTree = "<group>";
		};
		2663DB8020F4122D001EDCFD /* InstagramTests */ = {
			isa = PBXGroup;
			children = (
				2663DB8120F4122D001EDCFD /* InstagramTests.m */,
				2663DB8320F4122D001EDCFD /* Info.plist */,
			);
			path = InstagramTests;
			sourceTree = "<group>";
		};
		2663DB8B20F4122D001EDCFD /* InstagramUITests */ = {
			isa = PBXGroup;
			children = (
				2663DB8C20F4122D001EDCFD /* InstagramUITests.m */,
				2663DB8E20F4122D001EDCFD /* Info.plist */,
			);
			path = InstagramUITests;
			sourceTree = "<group>";
		};
		2666B2A020F55033005FA1D4 /* Views */ = {
			isa = PBXGroup;
			children = (
				2666B29D20F55024005FA1D4 /* InstaTableViewCell.h */,
				2666B29E20F55024005FA1D4 /* InstaTableViewCell.m */,
			);
			path = Views;
			sourceTree = "<group>";
		};
		303E1EF1CBACE709EBF37A97 /* Pods */ = {
			isa = PBXGroup;
			children = (
				1F1C23DED2B0F9BE6440D645 /* Pods-Instagram.debug.xcconfig */,
				BFC45435C1A0EE7BB720D804 /* Pods-Instagram.release.xcconfig */,
				CB84737E5DC59659E2135A6A /* Pods-InstagramTests.debug.xcconfig */,
				DDDBF35CB3FF5B2665F74C8B /* Pods-InstagramTests.release.xcconfig */,
				A5AD7681526F9FC392A35424 /* Pods-InstagramUITests.debug.xcconfig */,
				107B6ACFF68714C9C0CD6101 /* Pods-InstagramUITests.release.xcconfig */,
			);
			name = Pods;
			sourceTree = "<group>";
		};
		F169781A1969839CA37BD8CC /* Frameworks */ = {
			isa = PBXGroup;
			children = (
				ED8C6E79276A7747C8B9D48E /* libPods-Instagram.a */,
				87F7AD8ECD07DEADCD103F4D /* libPods-InstagramTests.a */,
				1A5096709706AF6C0C55CD80 /* libPods-InstagramUITests.a */,
			);
			name = Frameworks;
			sourceTree = "<group>";
		};
/* End PBXGroup section */

/* Begin PBXNativeTarget section */
		2663DB6420F4122D001EDCFD /* Instagram */ = {
			isa = PBXNativeTarget;
			buildConfigurationList = 2663DB9120F4122D001EDCFD /* Build configuration list for PBXNativeTarget "Instagram" */;
			buildPhases = (
				74068A5A71204E3DB4AC6770 /* [CP] Check Pods Manifest.lock */,
				2663DB6120F4122D001EDCFD /* Sources */,
				2663DB6220F4122D001EDCFD /* Frameworks */,
				2663DB6320F4122D001EDCFD /* Resources */,
				E45C764380AB304F8D14E49C /* [CP] Copy Pods Resources */,
			);
			buildRules = (
			);
			dependencies = (
			);
			name = Instagram;
			productName = Instagram;
			productReference = 2663DB6520F4122D001EDCFD /* Instagram.app */;
			productType = "com.apple.product-type.application";
		};
		2663DB7C20F4122D001EDCFD /* InstagramTests */ = {
			isa = PBXNativeTarget;
			buildConfigurationList = 2663DB9420F4122D001EDCFD /* Build configuration list for PBXNativeTarget "InstagramTests" */;
			buildPhases = (
				4BA37EDFE3CCE67D37478DF6 /* [CP] Check Pods Manifest.lock */,
				2663DB7920F4122D001EDCFD /* Sources */,
				2663DB7A20F4122D001EDCFD /* Frameworks */,
				2663DB7B20F4122D001EDCFD /* Resources */,
			);
			buildRules = (
			);
			dependencies = (
				2663DB7F20F4122D001EDCFD /* PBXTargetDependency */,
			);
			name = InstagramTests;
			productName = InstagramTests;
			productReference = 2663DB7D20F4122D001EDCFD /* InstagramTests.xctest */;
			productType = "com.apple.product-type.bundle.unit-test";
		};
		2663DB8720F4122D001EDCFD /* InstagramUITests */ = {
			isa = PBXNativeTarget;
			buildConfigurationList = 2663DB9720F4122D001EDCFD /* Build configuration list for PBXNativeTarget "InstagramUITests" */;
			buildPhases = (
				7F9F84C839CF9F597998A14A /* [CP] Check Pods Manifest.lock */,
				2663DB8420F4122D001EDCFD /* Sources */,
				2663DB8520F4122D001EDCFD /* Frameworks */,
				2663DB8620F4122D001EDCFD /* Resources */,
			);
			buildRules = (
			);
			dependencies = (
				2663DB8A20F4122D001EDCFD /* PBXTargetDependency */,
			);
			name = InstagramUITests;
			productName = InstagramUITests;
			productReference = 2663DB8820F4122D001EDCFD /* InstagramUITests.xctest */;
			productType = "com.apple.product-type.bundle.ui-testing";
		};
/* End PBXNativeTarget section */

/* Begin PBXProject section */
		2663DB5D20F4122D001EDCFD /* Project object */ = {
			isa = PBXProject;
			attributes = {
				LastUpgradeCheck = 0940;
				ORGANIZATIONNAME = "Ernest Omondi";
				TargetAttributes = {
					2663DB6420F4122D001EDCFD = {
						CreatedOnToolsVersion = 9.4.1;
					};
					2663DB7C20F4122D001EDCFD = {
						CreatedOnToolsVersion = 9.4.1;
						TestTargetID = 2663DB6420F4122D001EDCFD;
					};
					2663DB8720F4122D001EDCFD = {
						CreatedOnToolsVersion = 9.4.1;
						TestTargetID = 2663DB6420F4122D001EDCFD;
					};
				};
			};
			buildConfigurationList = 2663DB6020F4122D001EDCFD /* Build configuration list for PBXProject "Instagram" */;
			compatibilityVersion = "Xcode 9.3";
			developmentRegion = en;
			hasScannedForEncodings = 0;
			knownRegions = (
				en,
				Base,
			);
			mainGroup = 2663DB5C20F4122D001EDCFD;
			productRefGroup = 2663DB6620F4122D001EDCFD /* Products */;
			projectDirPath = "";
			projectRoot = "";
			targets = (
				2663DB6420F4122D001EDCFD /* Instagram */,
				2663DB7C20F4122D001EDCFD /* InstagramTests */,
				2663DB8720F4122D001EDCFD /* InstagramUITests */,
			);
		};
/* End PBXProject section */

/* Begin PBXResourcesBuildPhase section */
		2663DB6320F4122D001EDCFD /* Resources */ = {
			isa = PBXResourcesBuildPhase;
			buildActionMask = 2147483647;
			files = (
				2663DB7520F4122D001EDCFD /* LaunchScreen.storyboard in Resources */,
				2663DB7220F4122D001EDCFD /* Assets.xcassets in Resources */,
				2663DB7020F4122D001EDCFD /* Main.storyboard in Resources */,
			);
			runOnlyForDeploymentPostprocessing = 0;
		};
		2663DB7B20F4122D001EDCFD /* Resources */ = {
			isa = PBXResourcesBuildPhase;
			buildActionMask = 2147483647;
			files = (
			);
			runOnlyForDeploymentPostprocessing = 0;
		};
		2663DB8620F4122D001EDCFD /* Resources */ = {
			isa = PBXResourcesBuildPhase;
			buildActionMask = 2147483647;
			files = (
			);
			runOnlyForDeploymentPostprocessing = 0;
		};
/* End PBXResourcesBuildPhase section */

/* Begin PBXShellScriptBuildPhase section */
		4BA37EDFE3CCE67D37478DF6 /* [CP] Check Pods Manifest.lock */ = {
			isa = PBXShellScriptBuildPhase;
			buildActionMask = 2147483647;
			files = (
			);
			inputPaths = (
				"${PODS_PODFILE_DIR_PATH}/Podfile.lock",
				"${PODS_ROOT}/Manifest.lock",
			);
			name = "[CP] Check Pods Manifest.lock";
			outputPaths = (
				"$(DERIVED_FILE_DIR)/Pods-InstagramTests-checkManifestLockResult.txt",
			);
			runOnlyForDeploymentPostprocessing = 0;
			shellPath = /bin/sh;
			shellScript = "diff \"${PODS_PODFILE_DIR_PATH}/Podfile.lock\" \"${PODS_ROOT}/Manifest.lock\" > /dev/null\nif [ $? != 0 ] ; then\n    # print error to STDERR\n    echo \"error: The sandbox is not in sync with the Podfile.lock. Run 'pod install' or update your CocoaPods installation.\" >&2\n    exit 1\nfi\n# This output is used by Xcode 'outputs' to avoid re-running this script phase.\necho \"SUCCESS\" > \"${SCRIPT_OUTPUT_FILE_0}\"\n";
			showEnvVarsInLog = 0;
		};
		74068A5A71204E3DB4AC6770 /* [CP] Check Pods Manifest.lock */ = {
			isa = PBXShellScriptBuildPhase;
			buildActionMask = 2147483647;
			files = (
			);
			inputPaths = (
				"${PODS_PODFILE_DIR_PATH}/Podfile.lock",
				"${PODS_ROOT}/Manifest.lock",
			);
			name = "[CP] Check Pods Manifest.lock";
			outputPaths = (
				"$(DERIVED_FILE_DIR)/Pods-Instagram-checkManifestLockResult.txt",
			);
			runOnlyForDeploymentPostprocessing = 0;
			shellPath = /bin/sh;
			shellScript = "diff \"${PODS_PODFILE_DIR_PATH}/Podfile.lock\" \"${PODS_ROOT}/Manifest.lock\" > /dev/null\nif [ $? != 0 ] ; then\n    # print error to STDERR\n    echo \"error: The sandbox is not in sync with the Podfile.lock. Run 'pod install' or update your CocoaPods installation.\" >&2\n    exit 1\nfi\n# This output is used by Xcode 'outputs' to avoid re-running this script phase.\necho \"SUCCESS\" > \"${SCRIPT_OUTPUT_FILE_0}\"\n";
			showEnvVarsInLog = 0;
		};
		7F9F84C839CF9F597998A14A /* [CP] Check Pods Manifest.lock */ = {
			isa = PBXShellScriptBuildPhase;
			buildActionMask = 2147483647;
			files = (
			);
			inputPaths = (
				"${PODS_PODFILE_DIR_PATH}/Podfile.lock",
				"${PODS_ROOT}/Manifest.lock",
			);
			name = "[CP] Check Pods Manifest.lock";
			outputPaths = (
				"$(DERIVED_FILE_DIR)/Pods-InstagramUITests-checkManifestLockResult.txt",
			);
			runOnlyForDeploymentPostprocessing = 0;
			shellPath = /bin/sh;
			shellScript = "diff \"${PODS_PODFILE_DIR_PATH}/Podfile.lock\" \"${PODS_ROOT}/Manifest.lock\" > /dev/null\nif [ $? != 0 ] ; then\n    # print error to STDERR\n    echo \"error: The sandbox is not in sync with the Podfile.lock. Run 'pod install' or update your CocoaPods installation.\" >&2\n    exit 1\nfi\n# This output is used by Xcode 'outputs' to avoid re-running this script phase.\necho \"SUCCESS\" > \"${SCRIPT_OUTPUT_FILE_0}\"\n";
			showEnvVarsInLog = 0;
		};
		E45C764380AB304F8D14E49C /* [CP] Copy Pods Resources */ = {
			isa = PBXShellScriptBuildPhase;
			buildActionMask = 2147483647;
			files = (
			);
			inputPaths = (
				"${SRCROOT}/Pods/Target Support Files/Pods-Instagram/Pods-Instagram-resources.sh",
				"${PODS_CONFIGURATION_BUILD_DIR}/Parse/Parse.bundle",
				"${PODS_ROOT}/ParseUI/ParseUI/Resources/Localization/en.lproj",
				"${PODS_ROOT}/ParseUI/ParseUI/Resources/Localization/fr.lproj",
				"${PODS_ROOT}/ParseUI/ParseUI/Resources/Localization/pt-BR.lproj",
			);
			name = "[CP] Copy Pods Resources";
			outputPaths = (
				"${TARGET_BUILD_DIR}/${UNLOCALIZED_RESOURCES_FOLDER_PATH}/Parse.bundle",
				"${TARGET_BUILD_DIR}/${UNLOCALIZED_RESOURCES_FOLDER_PATH}/en.lproj",
				"${TARGET_BUILD_DIR}/${UNLOCALIZED_RESOURCES_FOLDER_PATH}/fr.lproj",
				"${TARGET_BUILD_DIR}/${UNLOCALIZED_RESOURCES_FOLDER_PATH}/pt-BR.lproj",
			);
			runOnlyForDeploymentPostprocessing = 0;
			shellPath = /bin/sh;
			shellScript = "\"${SRCROOT}/Pods/Target Support Files/Pods-Instagram/Pods-Instagram-resources.sh\"\n";
			showEnvVarsInLog = 0;
		};
/* End PBXShellScriptBuildPhase section */

/* Begin PBXSourcesBuildPhase section */
		2663DB6120F4122D001EDCFD /* Sources */ = {
			isa = PBXSourcesBuildPhase;
			buildActionMask = 2147483647;
			files = (
				2663DB7820F4122D001EDCFD /* main.m in Sources */,
				2666B29F20F55024005FA1D4 /* InstaTableViewCell.m in Sources */,
				2619804020F52ADB00E7FCE1 /* Post.m in Sources */,
				2663DB6A20F4122D001EDCFD /* AppDelegate.m in Sources */,
				263628F020F41769007CA88E /* LoginViewController.m in Sources */,
				2619803D20F42A9C00E7FCE1 /* ComposeViewController.m in Sources */,
				2619803A20F41FA900E7FCE1 /* HomeViewController.m in Sources */,
			);
			runOnlyForDeploymentPostprocessing = 0;
		};
		2663DB7920F4122D001EDCFD /* Sources */ = {
			isa = PBXSourcesBuildPhase;
			buildActionMask = 2147483647;
			files = (
				2663DB8220F4122D001EDCFD /* InstagramTests.m in Sources */,
			);
			runOnlyForDeploymentPostprocessing = 0;
		};
		2663DB8420F4122D001EDCFD /* Sources */ = {
			isa = PBXSourcesBuildPhase;
			buildActionMask = 2147483647;
			files = (
				2663DB8D20F4122D001EDCFD /* InstagramUITests.m in Sources */,
			);
			runOnlyForDeploymentPostprocessing = 0;
		};
/* End PBXSourcesBuildPhase section */

/* Begin PBXTargetDependency section */
		2663DB7F20F4122D001EDCFD /* PBXTargetDependency */ = {
			isa = PBXTargetDependency;
			target = 2663DB6420F4122D001EDCFD /* Instagram */;
			targetProxy = 2663DB7E20F4122D001EDCFD /* PBXContainerItemProxy */;
		};
		2663DB8A20F4122D001EDCFD /* PBXTargetDependency */ = {
			isa = PBXTargetDependency;
			target = 2663DB6420F4122D001EDCFD /* Instagram */;
			targetProxy = 2663DB8920F4122D001EDCFD /* PBXContainerItemProxy */;
		};
/* End PBXTargetDependency section */

/* Begin PBXVariantGroup section */
		2663DB6E20F4122D001EDCFD /* Main.storyboard */ = {
			isa = PBXVariantGroup;
			children = (
				2663DB6F20F4122D001EDCFD /* Base */,
			);
			name = Main.storyboard;
			sourceTree = "<group>";
		};
		2663DB7320F4122D001EDCFD /* LaunchScreen.storyboard */ = {
			isa = PBXVariantGroup;
			children = (
				2663DB7420F4122D001EDCFD /* Base */,
			);
			name = LaunchScreen.storyboard;
			sourceTree = "<group>";
		};
/* End PBXVariantGroup section */

/* Begin XCBuildConfiguration section */
		2663DB8F20F4122D001EDCFD /* Debug */ = {
			isa = XCBuildConfiguration;
			buildSettings = {
				ALWAYS_SEARCH_USER_PATHS = NO;
				CLANG_ANALYZER_NONNULL = YES;
				CLANG_ANALYZER_NUMBER_OBJECT_CONVERSION = YES_AGGRESSIVE;
				CLANG_CXX_LANGUAGE_STANDARD = "gnu++14";
				CLANG_CXX_LIBRARY = "libc++";
				CLANG_ENABLE_MODULES = YES;
				CLANG_ENABLE_OBJC_ARC = YES;
				CLANG_ENABLE_OBJC_WEAK = YES;
				CLANG_WARN_BLOCK_CAPTURE_AUTORELEASING = YES;
				CLANG_WARN_BOOL_CONVERSION = YES;
				CLANG_WARN_COMMA = YES;
				CLANG_WARN_CONSTANT_CONVERSION = YES;
				CLANG_WARN_DEPRECATED_OBJC_IMPLEMENTATIONS = YES;
				CLANG_WARN_DIRECT_OBJC_ISA_USAGE = YES_ERROR;
				CLANG_WARN_DOCUMENTATION_COMMENTS = YES;
				CLANG_WARN_EMPTY_BODY = YES;
				CLANG_WARN_ENUM_CONVERSION = YES;
				CLANG_WARN_INFINITE_RECURSION = YES;
				CLANG_WARN_INT_CONVERSION = YES;
				CLANG_WARN_NON_LITERAL_NULL_CONVERSION = YES;
				CLANG_WARN_OBJC_IMPLICIT_RETAIN_SELF = YES;
				CLANG_WARN_OBJC_LITERAL_CONVERSION = YES;
				CLANG_WARN_OBJC_ROOT_CLASS = YES_ERROR;
				CLANG_WARN_RANGE_LOOP_ANALYSIS = YES;
				CLANG_WARN_STRICT_PROTOTYPES = YES;
				CLANG_WARN_SUSPICIOUS_MOVE = YES;
				CLANG_WARN_UNGUARDED_AVAILABILITY = YES_AGGRESSIVE;
				CLANG_WARN_UNREACHABLE_CODE = YES;
				CLANG_WARN__DUPLICATE_METHOD_MATCH = YES;
				CODE_SIGN_IDENTITY = "iPhone Developer";
				COPY_PHASE_STRIP = NO;
				DEBUG_INFORMATION_FORMAT = dwarf;
				ENABLE_STRICT_OBJC_MSGSEND = YES;
				ENABLE_TESTABILITY = YES;
				GCC_C_LANGUAGE_STANDARD = gnu11;
				GCC_DYNAMIC_NO_PIC = NO;
				GCC_NO_COMMON_BLOCKS = YES;
				GCC_OPTIMIZATION_LEVEL = 0;
				GCC_PREPROCESSOR_DEFINITIONS = (
					"DEBUG=1",
					"$(inherited)",
				);
				GCC_WARN_64_TO_32_BIT_CONVERSION = YES;
				GCC_WARN_ABOUT_RETURN_TYPE = YES_ERROR;
				GCC_WARN_UNDECLARED_SELECTOR = YES;
				GCC_WARN_UNINITIALIZED_AUTOS = YES_AGGRESSIVE;
				GCC_WARN_UNUSED_FUNCTION = YES;
				GCC_WARN_UNUSED_VARIABLE = YES;
				IPHONEOS_DEPLOYMENT_TARGET = 11.4;
				MTL_ENABLE_DEBUG_INFO = YES;
				ONLY_ACTIVE_ARCH = YES;
				SDKROOT = iphoneos;
			};
			name = Debug;
		};
		2663DB9020F4122D001EDCFD /* Release */ = {
			isa = XCBuildConfiguration;
			buildSettings = {
				ALWAYS_SEARCH_USER_PATHS = NO;
				CLANG_ANALYZER_NONNULL = YES;
				CLANG_ANALYZER_NUMBER_OBJECT_CONVERSION = YES_AGGRESSIVE;
				CLANG_CXX_LANGUAGE_STANDARD = "gnu++14";
				CLANG_CXX_LIBRARY = "libc++";
				CLANG_ENABLE_MODULES = YES;
				CLANG_ENABLE_OBJC_ARC = YES;
				CLANG_ENABLE_OBJC_WEAK = YES;
				CLANG_WARN_BLOCK_CAPTURE_AUTORELEASING = YES;
				CLANG_WARN_BOOL_CONVERSION = YES;
				CLANG_WARN_COMMA = YES;
				CLANG_WARN_CONSTANT_CONVERSION = YES;
				CLANG_WARN_DEPRECATED_OBJC_IMPLEMENTATIONS = YES;
				CLANG_WARN_DIRECT_OBJC_ISA_USAGE = YES_ERROR;
				CLANG_WARN_DOCUMENTATION_COMMENTS = YES;
				CLANG_WARN_EMPTY_BODY = YES;
				CLANG_WARN_ENUM_CONVERSION = YES;
				CLANG_WARN_INFINITE_RECURSION = YES;
				CLANG_WARN_INT_CONVERSION = YES;
				CLANG_WARN_NON_LITERAL_NULL_CONVERSION = YES;
				CLANG_WARN_OBJC_IMPLICIT_RETAIN_SELF = YES;
				CLANG_WARN_OBJC_LITERAL_CONVERSION = YES;
				CLANG_WARN_OBJC_ROOT_CLASS = YES_ERROR;
				CLANG_WARN_RANGE_LOOP_ANALYSIS = YES;
				CLANG_WARN_STRICT_PROTOTYPES = YES;
				CLANG_WARN_SUSPICIOUS_MOVE = YES;
				CLANG_WARN_UNGUARDED_AVAILABILITY = YES_AGGRESSIVE;
				CLANG_WARN_UNREACHABLE_CODE = YES;
				CLANG_WARN__DUPLICATE_METHOD_MATCH = YES;
				CODE_SIGN_IDENTITY = "iPhone Developer";
				COPY_PHASE_STRIP = NO;
				DEBUG_INFORMATION_FORMAT = "dwarf-with-dsym";
				ENABLE_NS_ASSERTIONS = NO;
				ENABLE_STRICT_OBJC_MSGSEND = YES;
				GCC_C_LANGUAGE_STANDARD = gnu11;
				GCC_NO_COMMON_BLOCKS = YES;
				GCC_WARN_64_TO_32_BIT_CONVERSION = YES;
				GCC_WARN_ABOUT_RETURN_TYPE = YES_ERROR;
				GCC_WARN_UNDECLARED_SELECTOR = YES;
				GCC_WARN_UNINITIALIZED_AUTOS = YES_AGGRESSIVE;
				GCC_WARN_UNUSED_FUNCTION = YES;
				GCC_WARN_UNUSED_VARIABLE = YES;
				IPHONEOS_DEPLOYMENT_TARGET = 11.4;
				MTL_ENABLE_DEBUG_INFO = NO;
				SDKROOT = iphoneos;
				VALIDATE_PRODUCT = YES;
			};
			name = Release;
		};
		2663DB9220F4122D001EDCFD /* Debug */ = {
			isa = XCBuildConfiguration;
			baseConfigurationReference = 1F1C23DED2B0F9BE6440D645 /* Pods-Instagram.debug.xcconfig */;
			buildSettings = {
				ASSETCATALOG_COMPILER_APPICON_NAME = AppIcon;
				CODE_SIGN_STYLE = Automatic;
				DEVELOPMENT_TEAM = 47ZDXDT6BD;
				INFOPLIST_FILE = Instagram/Info.plist;
				LD_RUNPATH_SEARCH_PATHS = (
					"$(inherited)",
					"@executable_path/Frameworks",
				);
				PRODUCT_BUNDLE_IDENTIFIER = com.ochiengernest6.Instagram;
				PRODUCT_NAME = "$(TARGET_NAME)";
				TARGETED_DEVICE_FAMILY = "1,2";
			};
			name = Debug;
		};
		2663DB9320F4122D001EDCFD /* Release */ = {
			isa = XCBuildConfiguration;
			baseConfigurationReference = BFC45435C1A0EE7BB720D804 /* Pods-Instagram.release.xcconfig */;
			buildSettings = {
				ASSETCATALOG_COMPILER_APPICON_NAME = AppIcon;
				CODE_SIGN_STYLE = Automatic;
				DEVELOPMENT_TEAM = 47ZDXDT6BD;
				INFOPLIST_FILE = Instagram/Info.plist;
				LD_RUNPATH_SEARCH_PATHS = (
					"$(inherited)",
					"@executable_path/Frameworks",
				);
				PRODUCT_BUNDLE_IDENTIFIER = com.ochiengernest6.Instagram;
				PRODUCT_NAME = "$(TARGET_NAME)";
				TARGETED_DEVICE_FAMILY = "1,2";
			};
			name = Release;
		};
		2663DB9520F4122D001EDCFD /* Debug */ = {
			isa = XCBuildConfiguration;
			baseConfigurationReference = CB84737E5DC59659E2135A6A /* Pods-InstagramTests.debug.xcconfig */;
			buildSettings = {
				BUNDLE_LOADER = "$(TEST_HOST)";
				CODE_SIGN_STYLE = Automatic;
				DEVELOPMENT_TEAM = 47ZDXDT6BD;
				INFOPLIST_FILE = InstagramTests/Info.plist;
				LD_RUNPATH_SEARCH_PATHS = (
					"$(inherited)",
					"@executable_path/Frameworks",
					"@loader_path/Frameworks",
				);
				PRODUCT_BUNDLE_IDENTIFIER = com.ochiengernest6.InstagramTests;
				PRODUCT_NAME = "$(TARGET_NAME)";
				TARGETED_DEVICE_FAMILY = "1,2";
				TEST_HOST = "$(BUILT_PRODUCTS_DIR)/Instagram.app/Instagram";
			};
			name = Debug;
		};
		2663DB9620F4122D001EDCFD /* Release */ = {
			isa = XCBuildConfiguration;
			baseConfigurationReference = DDDBF35CB3FF5B2665F74C8B /* Pods-InstagramTests.release.xcconfig */;
			buildSettings = {
				BUNDLE_LOADER = "$(TEST_HOST)";
				CODE_SIGN_STYLE = Automatic;
				DEVELOPMENT_TEAM = 47ZDXDT6BD;
				INFOPLIST_FILE = InstagramTests/Info.plist;
				LD_RUNPATH_SEARCH_PATHS = (
					"$(inherited)",
					"@executable_path/Frameworks",
					"@loader_path/Frameworks",
				);
				PRODUCT_BUNDLE_IDENTIFIER = com.ochiengernest6.InstagramTests;
				PRODUCT_NAME = "$(TARGET_NAME)";
				TARGETED_DEVICE_FAMILY = "1,2";
				TEST_HOST = "$(BUILT_PRODUCTS_DIR)/Instagram.app/Instagram";
			};
			name = Release;
		};
		2663DB9820F4122D001EDCFD /* Debug */ = {
			isa = XCBuildConfiguration;
			baseConfigurationReference = A5AD7681526F9FC392A35424 /* Pods-InstagramUITests.debug.xcconfig */;
			buildSettings = {
				CODE_SIGN_STYLE = Automatic;
				DEVELOPMENT_TEAM = 47ZDXDT6BD;
				INFOPLIST_FILE = InstagramUITests/Info.plist;
				LD_RUNPATH_SEARCH_PATHS = (
					"$(inherited)",
					"@executable_path/Frameworks",
					"@loader_path/Frameworks",
				);
				PRODUCT_BUNDLE_IDENTIFIER = com.ochiengernest6.InstagramUITests;
				PRODUCT_NAME = "$(TARGET_NAME)";
				TARGETED_DEVICE_FAMILY = "1,2";
				TEST_TARGET_NAME = Instagram;
			};
			name = Debug;
		};
		2663DB9920F4122D001EDCFD /* Release */ = {
			isa = XCBuildConfiguration;
			baseConfigurationReference = 107B6ACFF68714C9C0CD6101 /* Pods-InstagramUITests.release.xcconfig */;
			buildSettings = {
				CODE_SIGN_STYLE = Automatic;
				DEVELOPMENT_TEAM = 47ZDXDT6BD;
				INFOPLIST_FILE = InstagramUITests/Info.plist;
				LD_RUNPATH_SEARCH_PATHS = (
					"$(inherited)",
					"@executable_path/Frameworks",
					"@loader_path/Frameworks",
				);
				PRODUCT_BUNDLE_IDENTIFIER = com.ochiengernest6.InstagramUITests;
				PRODUCT_NAME = "$(TARGET_NAME)";
				TARGETED_DEVICE_FAMILY = "1,2";
				TEST_TARGET_NAME = Instagram;
			};
			name = Release;
		};
/* End XCBuildConfiguration section */

/* Begin XCConfigurationList section */
		2663DB6020F4122D001EDCFD /* Build configuration list for PBXProject "Instagram" */ = {
			isa = XCConfigurationList;
			buildConfigurations = (
				2663DB8F20F4122D001EDCFD /* Debug */,
				2663DB9020F4122D001EDCFD /* Release */,
			);
			defaultConfigurationIsVisible = 0;
			defaultConfigurationName = Release;
		};
		2663DB9120F4122D001EDCFD /* Build configuration list for PBXNativeTarget "Instagram" */ = {
			isa = XCConfigurationList;
			buildConfigurations = (
				2663DB9220F4122D001EDCFD /* Debug */,
				2663DB9320F4122D001EDCFD /* Release */,
			);
			defaultConfigurationIsVisible = 0;
			defaultConfigurationName = Release;
		};
		2663DB9420F4122D001EDCFD /* Build configuration list for PBXNativeTarget "InstagramTests" */ = {
			isa = XCConfigurationList;
			buildConfigurations = (
				2663DB9520F4122D001EDCFD /* Debug */,
				2663DB9620F4122D001EDCFD /* Release */,
			);
			defaultConfigurationIsVisible = 0;
			defaultConfigurationName = Release;
		};
		2663DB9720F4122D001EDCFD /* Build configuration list for PBXNativeTarget "InstagramUITests" */ = {
			isa = XCConfigurationList;
			buildConfigurations = (
				2663DB9820F4122D001EDCFD /* Debug */,
				2663DB9920F4122D001EDCFD /* Release */,
			);
			defaultConfigurationIsVisible = 0;
			defaultConfigurationName = Release;
		};
/* End XCConfigurationList section */
	};
	rootObject = 2663DB5D20F4122D001EDCFD /* Project object */;
}
